
Microsoft Visual Studio Solution File, Format Version 12.00
# Visual Studio Version 17
VisualStudioVersion = 17.14.36221.1 d17.14
MinimumVisualStudioVersion = 10.0.40219.1
Project("{FAE04EC0-301F-11D3-BF4B-00C04F79EFBC}") = "Tutorial9", "Tutorial9.csproj", "{09307A41-D7BD-4D46-9441-1A87A069B992}"
EndProject
Global
	GlobalSection(SolutionConfigurationPlatforms) = preSolution
		Debug|Any CPU = Debug|Any CPU
		Release|Any CPU = Release|Any CPU
	EndGlobalSection
	GlobalSection(ProjectConfigurationPlatforms) = postSolution
		{09307A41-D7BD-4D46-9441-1A87A069B992}.Debug|Any CPU.ActiveCfg = Debug|Any CPU
		{09307A41-D7BD-4D46-9441-1A87A069B992}.Debug|Any CPU.Build.0 = Debug|Any CPU
		{09307A41-D7BD-4D46-9441-1A87A069B992}.Release|Any CPU.ActiveCfg = Release|Any CPU
		{09307A41-D7BD-4D46-9441-1A87A069B992}.Release|Any CPU.Build.0 = Release|Any CPU
	EndGlobalSection
	GlobalSection(SolutionProperties) = preSolution
		HideSolutionNode = FALSE
	EndGlobalSection
	GlobalSection(ExtensibilityGlobals) = postSolution
		SolutionGuid = {A06E58D4-8BE8-438D-AD6E-F8522003C309}
	EndGlobalSection
EndGlobal
